// !$*UTF8*$!
{
	archiveVersion = 1;
	classes = {
	};
	objectVersion = 46;
	objects = {

/* Begin PBXBuildFile section */
		24387CFB1D22EF0600A29A1B /* AppDelegate.swift in Sources */ = {isa = PBXBuildFile; fileRef = 24387CFA1D22EF0600A29A1B /* AppDelegate.swift */; };
		24387CFD1D22EF0600A29A1B /* ViewController.swift in Sources */ = {isa = PBXBuildFile; fileRef = 24387CFC1D22EF0600A29A1B /* ViewController.swift */; };
		24387D001D22EF0600A29A1B /* Main.storyboard in Resources */ = {isa = PBXBuildFile; fileRef = 24387CFE1D22EF0600A29A1B /* Main.storyboard */; };
		24387D021D22EF0600A29A1B /* Assets.xcassets in Resources */ = {isa = PBXBuildFile; fileRef = 24387D011D22EF0600A29A1B /* Assets.xcassets */; };
		24387D051D22EF0600A29A1B /* LaunchScreen.storyboard in Resources */ = {isa = PBXBuildFile; fileRef = 24387D031D22EF0600A29A1B /* LaunchScreen.storyboard */; };
		24387D241D22F0C800A29A1B /* Alamofire.framework in Frameworks */ = {isa = PBXBuildFile; fileRef = 24387D171D22F0A700A29A1B /* Alamofire.framework */; };
		24387D251D22F0C800A29A1B /* Alamofire.framework in Embed Frameworks */ = {isa = PBXBuildFile; fileRef = 24387D171D22F0A700A29A1B /* Alamofire.framework */; settings = {ATTRIBUTES = (CodeSignOnCopy, RemoveHeadersOnCopy, ); }; };
		24387D481D22F34A00A29A1B /* FastImageCache.framework in Frameworks */ = {isa = PBXBuildFile; fileRef = 24387D431D22F2F400A29A1B /* FastImageCache.framework */; };
		24387D491D22F34A00A29A1B /* FastImageCache.framework in Embed Frameworks */ = {isa = PBXBuildFile; fileRef = 24387D431D22F2F400A29A1B /* FastImageCache.framework */; settings = {ATTRIBUTES = (CodeSignOnCopy, RemoveHeadersOnCopy, ); }; };
		24569AC51D23077800612056 /* OAuthLoginViewController.swift in Sources */ = {isa = PBXBuildFile; fileRef = 24569AC41D23077800612056 /* OAuthLoginViewController.swift */; };
		24569AD51D23097A00612056 /* SwiftyJSON.framework in Frameworks */ = {isa = PBXBuildFile; fileRef = 247B3B1E1D22F61C00871490 /* SwiftyJSON.framework */; };
		24569AD61D23097A00612056 /* SwiftyJSON.framework in Embed Frameworks */ = {isa = PBXBuildFile; fileRef = 247B3B1E1D22F61C00871490 /* SwiftyJSON.framework */; settings = {ATTRIBUTES = (CodeSignOnCopy, RemoveHeadersOnCopy, ); }; };
		245BB5DE1D22F672001F33C2 /* CoreDataStack.swift in Sources */ = {isa = PBXBuildFile; fileRef = 245BB5DD1D22F672001F33C2 /* CoreDataStack.swift */; };
		245BB5EF1D22F6D8001F33C2 /* FastImageCacheHelper.swift in Sources */ = {isa = PBXBuildFile; fileRef = 245BB5EE1D22F6D8001F33C2 /* FastImageCacheHelper.swift */; };
		245BB5F11D22F758001F33C2 /* PhotoInfo.swift in Sources */ = {isa = PBXBuildFile; fileRef = 245BB5F01D22F758001F33C2 /* PhotoInfo.swift */; };
		245BB5F31D22F823001F33C2 /* Common.swift in Sources */ = {isa = PBXBuildFile; fileRef = 245BB5F21D22F823001F33C2 /* Common.swift */; };
		2480D00F1D2312CF00530E65 /* OAuthLoginDelegate.swift in Sources */ = {isa = PBXBuildFile; fileRef = 2480D00E1D2312CF00530E65 /* OAuthLoginDelegate.swift */; };
		2480D0201D23204600530E65 /* tstIngrm.xcdatamodeld in Sources */ = {isa = PBXBuildFile; fileRef = 2480D01E1D23204600530E65 /* tstIngrm.xcdatamodeld */; };
/* End PBXBuildFile section */

/* Begin PBXContainerItemProxy section */
		24387D161D22F0A700A29A1B /* PBXContainerItemProxy */ = {
			isa = PBXContainerItemProxy;
			containerPortal = 24387D0C1D22F0A600A29A1B /* Alamofire.xcodeproj */;
			proxyType = 2;
			remoteGlobalIDString = F8111E3319A95C8B0040E7D1;
			remoteInfo = "Alamofire iOS";
		};
		24387D181D22F0A700A29A1B /* PBXContainerItemProxy */ = {
			isa = PBXContainerItemProxy;
			containerPortal = 24387D0C1D22F0A600A29A1B /* Alamofire.xcodeproj */;
			proxyType = 2;
			remoteGlobalIDString = F8111E3E19A95C8B0040E7D1;
			remoteInfo = "Alamofire iOS Tests";
		};
		24387D1A1D22F0A700A29A1B /* PBXContainerItemProxy */ = {
			isa = PBXContainerItemProxy;
			containerPortal = 24387D0C1D22F0A600A29A1B /* Alamofire.xcodeproj */;
			proxyType = 2;
			remoteGlobalIDString = 4DD67C0B1A5C55C900ED2280;
			remoteInfo = "Alamofire OSX";
		};
		24387D1C1D22F0A700A29A1B /* PBXContainerItemProxy */ = {
			isa = PBXContainerItemProxy;
			containerPortal = 24387D0C1D22F0A600A29A1B /* Alamofire.xcodeproj */;
			proxyType = 2;
			remoteGlobalIDString = F829C6B21A7A94F100A2CD59;
			remoteInfo = "Alamofire OSX Tests";
		};
		24387D1E1D22F0A700A29A1B /* PBXContainerItemProxy */ = {
			isa = PBXContainerItemProxy;
			containerPortal = 24387D0C1D22F0A600A29A1B /* Alamofire.xcodeproj */;
			proxyType = 2;
			remoteGlobalIDString = 4CF626EF1BA7CB3E0011A099;
			remoteInfo = "Alamofire tvOS";
		};
		24387D201D22F0A700A29A1B /* PBXContainerItemProxy */ = {
			isa = PBXContainerItemProxy;
			containerPortal = 24387D0C1D22F0A600A29A1B /* Alamofire.xcodeproj */;
			proxyType = 2;
			remoteGlobalIDString = 4CF626F81BA7CB3E0011A099;
			remoteInfo = "Alamofire tvOS Tests";
		};
		24387D221D22F0A700A29A1B /* PBXContainerItemProxy */ = {
			isa = PBXContainerItemProxy;
			containerPortal = 24387D0C1D22F0A600A29A1B /* Alamofire.xcodeproj */;
			proxyType = 2;
			remoteGlobalIDString = E4202FE01B667AA100C997FB;
			remoteInfo = "Alamofire watchOS";
		};
		24387D261D22F0C800A29A1B /* PBXContainerItemProxy */ = {
			isa = PBXContainerItemProxy;
			containerPortal = 24387D0C1D22F0A600A29A1B /* Alamofire.xcodeproj */;
			proxyType = 1;
			remoteGlobalIDString = F8111E3219A95C8B0040E7D1;
			remoteInfo = "Alamofire iOS";
		};
		24387D421D22F2F400A29A1B /* PBXContainerItemProxy */ = {
			isa = PBXContainerItemProxy;
			containerPortal = 24387D3C1D22F2F400A29A1B /* FastImageCache.xcodeproj */;
			proxyType = 2;
			remoteGlobalIDString = B2E567681B316D5800906840;
			remoteInfo = FastImageCache;
		};
		24387D441D22F2F400A29A1B /* PBXContainerItemProxy */ = {
			isa = PBXContainerItemProxy;
			containerPortal = 24387D3C1D22F2F400A29A1B /* FastImageCache.xcodeproj */;
			proxyType = 2;
			remoteGlobalIDString = B2E567731B316D5800906840;
			remoteInfo = FastImageCacheTests;
		};
		24387D461D22F2F400A29A1B /* PBXContainerItemProxy */ = {
			isa = PBXContainerItemProxy;
			containerPortal = 24387D3C1D22F2F400A29A1B /* FastImageCache.xcodeproj */;
			proxyType = 2;
			remoteGlobalIDString = B2E567A71B316DCA00906840;
			remoteInfo = FastImageCacheDemo;
		};
		24387D4A1D22F34A00A29A1B /* PBXContainerItemProxy */ = {
			isa = PBXContainerItemProxy;
			containerPortal = 24387D3C1D22F2F400A29A1B /* FastImageCache.xcodeproj */;
			proxyType = 1;
			remoteGlobalIDString = B2E567671B316D5800906840;
			remoteInfo = FastImageCache;
		};
		24569AD71D23097A00612056 /* PBXContainerItemProxy */ = {
			isa = PBXContainerItemProxy;
			containerPortal = 247B3B131D22F61C00871490 /* SwiftyJSON.xcodeproj */;
			proxyType = 1;
			remoteGlobalIDString = 2E4FEFDA19575BE100351305;
			remoteInfo = "SwiftyJSON iOS";
		};
		247B3B1D1D22F61C00871490 /* PBXContainerItemProxy */ = {
			isa = PBXContainerItemProxy;
			containerPortal = 247B3B131D22F61C00871490 /* SwiftyJSON.xcodeproj */;
			proxyType = 2;
			remoteGlobalIDString = 2E4FEFDB19575BE100351305;
			remoteInfo = "SwiftyJSON iOS";
		};
		247B3B1F1D22F61C00871490 /* PBXContainerItemProxy */ = {
			isa = PBXContainerItemProxy;
			containerPortal = 247B3B131D22F61C00871490 /* SwiftyJSON.xcodeproj */;
			proxyType = 2;
			remoteGlobalIDString = 2E4FEFE619575BE100351305;
			remoteInfo = "SwiftyJSON iOS Tests";
		};
		247B3B211D22F61C00871490 /* PBXContainerItemProxy */ = {
			isa = PBXContainerItemProxy;
			containerPortal = 247B3B131D22F61C00871490 /* SwiftyJSON.xcodeproj */;
			proxyType = 2;
			remoteGlobalIDString = 9C7DFC5B1A9102BD005AA3F7;
			remoteInfo = "SwiftyJSON OSX";
		};
		247B3B231D22F61C00871490 /* PBXContainerItemProxy */ = {
			isa = PBXContainerItemProxy;
			containerPortal = 247B3B131D22F61C00871490 /* SwiftyJSON.xcodeproj */;
			proxyType = 2;
			remoteGlobalIDString = 9C7DFC651A9102BD005AA3F7;
			remoteInfo = "SwiftyJSON OSX Tests";
		};
		247B3B251D22F61C00871490 /* PBXContainerItemProxy */ = {
			isa = PBXContainerItemProxy;
			containerPortal = 247B3B131D22F61C00871490 /* SwiftyJSON.xcodeproj */;
			proxyType = 2;
			remoteGlobalIDString = E4D7CCE81B9465A700EE7221;
			remoteInfo = "SwiftyJSON watchOS";
		};
		247B3B271D22F61C00871490 /* PBXContainerItemProxy */ = {
			isa = PBXContainerItemProxy;
			containerPortal = 247B3B131D22F61C00871490 /* SwiftyJSON.xcodeproj */;
			proxyType = 2;
			remoteGlobalIDString = 7236B4F61BAC14150020529B;
			remoteInfo = "SwiftyJSON tvOS";
		};
		247B3B291D22F61C00871490 /* PBXContainerItemProxy */ = {
			isa = PBXContainerItemProxy;
			containerPortal = 247B3B131D22F61C00871490 /* SwiftyJSON.xcodeproj */;
			proxyType = 2;
			remoteGlobalIDString = A8580F741BCF5C5B00DA927B;
			remoteInfo = "SwiftyJSON tvOS Tests";
		};
/* End PBXContainerItemProxy section */

/* Begin PBXCopyFilesBuildPhase section */
		24387D281D22F0C800A29A1B /* Embed Frameworks */ = {
			isa = PBXCopyFilesBuildPhase;
			buildActionMask = 2147483647;
			dstPath = "";
			dstSubfolderSpec = 10;
			files = (
				24387D251D22F0C800A29A1B /* Alamofire.framework in Embed Frameworks */,
				24387D491D22F34A00A29A1B /* FastImageCache.framework in Embed Frameworks */,
				24569AD61D23097A00612056 /* SwiftyJSON.framework in Embed Frameworks */,
			);
			name = "Embed Frameworks";
			runOnlyForDeploymentPostprocessing = 0;
		};
/* End PBXCopyFilesBuildPhase section */

/* Begin PBXFileReference section */
		24387CF71D22EF0600A29A1B /* tstIngrm.app */ = {isa = PBXFileReference; explicitFileType = wrapper.application; includeInIndex = 0; path = tstIngrm.app; sourceTree = BUILT_PRODUCTS_DIR; };
		24387CFA1D22EF0600A29A1B /* AppDelegate.swift */ = {isa = PBXFileReference; lastKnownFileType = sourcecode.swift; path = AppDelegate.swift; sourceTree = "<group>"; };
		24387CFC1D22EF0600A29A1B /* ViewController.swift */ = {isa = PBXFileReference; lastKnownFileType = sourcecode.swift; path = ViewController.swift; sourceTree = "<group>"; };
		24387CFF1D22EF0600A29A1B /* Base */ = {isa = PBXFileReference; lastKnownFileType = file.storyboard; name = Base; path = Base.lproj/Main.storyboard; sourceTree = "<group>"; };
		24387D011D22EF0600A29A1B /* Assets.xcassets */ = {isa = PBXFileReference; lastKnownFileType = folder.assetcatalog; path = Assets.xcassets; sourceTree = "<group>"; };
		24387D041D22EF0600A29A1B /* Base */ = {isa = PBXFileReference; lastKnownFileType = file.storyboard; name = Base; path = Base.lproj/LaunchScreen.storyboard; sourceTree = "<group>"; };
		24387D061D22EF0600A29A1B /* Info.plist */ = {isa = PBXFileReference; lastKnownFileType = text.plist.xml; path = Info.plist; sourceTree = "<group>"; };
		24387D0C1D22F0A600A29A1B /* Alamofire.xcodeproj */ = {isa = PBXFileReference; lastKnownFileType = "wrapper.pb-project"; name = Alamofire.xcodeproj; path = ../Alamofire/Alamofire.xcodeproj; sourceTree = "<group>"; };
		24387D3C1D22F2F400A29A1B /* FastImageCache.xcodeproj */ = {isa = PBXFileReference; lastKnownFileType = "wrapper.pb-project"; name = FastImageCache.xcodeproj; path = ../FastImageCache/FastImageCache/FastImageCache.xcodeproj; sourceTree = "<group>"; };
		24569AC41D23077800612056 /* OAuthLoginViewController.swift */ = {isa = PBXFileReference; fileEncoding = 4; lastKnownFileType = sourcecode.swift; path = OAuthLoginViewController.swift; sourceTree = "<group>"; };
		245BB5DD1D22F672001F33C2 /* CoreDataStack.swift */ = {isa = PBXFileReference; fileEncoding = 4; lastKnownFileType = sourcecode.swift; name = CoreDataStack.swift; path = ../CoreDataStack.swift; sourceTree = "<group>"; };
		245BB5EE1D22F6D8001F33C2 /* FastImageCacheHelper.swift */ = {isa = PBXFileReference; fileEncoding = 4; lastKnownFileType = sourcecode.swift; path = FastImageCacheHelper.swift; sourceTree = "<group>"; };
		245BB5F01D22F758001F33C2 /* PhotoInfo.swift */ = {isa = PBXFileReference; fileEncoding = 4; lastKnownFileType = sourcecode.swift; path = PhotoInfo.swift; sourceTree = "<group>"; };
		245BB5F21D22F823001F33C2 /* Common.swift */ = {isa = PBXFileReference; fileEncoding = 4; lastKnownFileType = sourcecode.swift; path = Common.swift; sourceTree = "<group>"; };
		247B3B131D22F61C00871490 /* SwiftyJSON.xcodeproj */ = {isa = PBXFileReference; lastKnownFileType = "wrapper.pb-project"; name = SwiftyJSON.xcodeproj; path = ../SwiftyJSON/SwiftyJSON.xcodeproj; sourceTree = "<group>"; };
		2480D00E1D2312CF00530E65 /* OAuthLoginDelegate.swift */ = {isa = PBXFileReference; fileEncoding = 4; lastKnownFileType = sourcecode.swift; path = OAuthLoginDelegate.swift; sourceTree = "<group>"; };
		2480D01F1D23204600530E65 /* tstIngrm.xcdatamodel */ = {isa = PBXFileReference; lastKnownFileType = wrapper.xcdatamodel; path = tstIngrm.xcdatamodel; sourceTree = "<group>"; };
/* End PBXFileReference section */

/* Begin PBXFrameworksBuildPhase section */
		24387CF41D22EF0600A29A1B /* Frameworks */ = {
			isa = PBXFrameworksBuildPhase;
			buildActionMask = 2147483647;
			files = (
				24387D241D22F0C800A29A1B /* Alamofire.framework in Frameworks */,
				24387D481D22F34A00A29A1B /* FastImageCache.framework in Frameworks */,
				24569AD51D23097A00612056 /* SwiftyJSON.framework in Frameworks */,
			);
			runOnlyForDeploymentPostprocessing = 0;
		};
/* End PBXFrameworksBuildPhase section */

/* Begin PBXGroup section */
		24387CEE1D22EF0600A29A1B = {
			isa = PBXGroup;
			children = (
				247B3B131D22F61C00871490 /* SwiftyJSON.xcodeproj */,
				24387D3C1D22F2F400A29A1B /* FastImageCache.xcodeproj */,
				24387D0C1D22F0A600A29A1B /* Alamofire.xcodeproj */,
				24387CF91D22EF0600A29A1B /* tstIngrm */,
				24387CF81D22EF0600A29A1B /* Products */,
			);
			sourceTree = "<group>";
		};
		24387CF81D22EF0600A29A1B /* Products */ = {
			isa = PBXGroup;
			children = (
				24387CF71D22EF0600A29A1B /* tstIngrm.app */,
			);
			name = Products;
			sourceTree = "<group>";
		};
		24387CF91D22EF0600A29A1B /* tstIngrm */ = {
			isa = PBXGroup;
			children = (
				245BB5DD1D22F672001F33C2 /* CoreDataStack.swift */,
				24387CFA1D22EF0600A29A1B /* AppDelegate.swift */,
				24569AC41D23077800612056 /* OAuthLoginViewController.swift */,
				2480D00E1D2312CF00530E65 /* OAuthLoginDelegate.swift */,
				2480D01E1D23204600530E65 /* tstIngrm.xcdatamodeld */,
				245BB5F21D22F823001F33C2 /* Common.swift */,
				245BB5F01D22F758001F33C2 /* PhotoInfo.swift */,
				245BB5EE1D22F6D8001F33C2 /* FastImageCacheHelper.swift */,
				24387CFC1D22EF0600A29A1B /* ViewController.swift */,
				24387CFE1D22EF0600A29A1B /* Main.storyboard */,
				24387D011D22EF0600A29A1B /* Assets.xcassets */,
				24387D031D22EF0600A29A1B /* LaunchScreen.storyboard */,
				24387D061D22EF0600A29A1B /* Info.plist */,
			);
			path = tstIngrm;
			sourceTree = "<group>";
		};
		24387D0D1D22F0A600A29A1B /* Products */ = {
			isa = PBXGroup;
			children = (
				24387D171D22F0A700A29A1B /* Alamofire.framework */,
				24387D191D22F0A700A29A1B /* Alamofire iOS Tests.xctest */,
				24387D1B1D22F0A700A29A1B /* Alamofire.framework */,
				24387D1D1D22F0A700A29A1B /* Alamofire OSX Tests.xctest */,
				24387D1F1D22F0A700A29A1B /* Alamofire.framework */,
				24387D211D22F0A700A29A1B /* Alamofire tvOS Tests.xctest */,
				24387D231D22F0A700A29A1B /* Alamofire.framework */,
			);
			name = Products;
			sourceTree = "<group>";
		};
		24387D3D1D22F2F400A29A1B /* Products */ = {
			isa = PBXGroup;
			children = (
				24387D431D22F2F400A29A1B /* FastImageCache.framework */,
				24387D451D22F2F400A29A1B /* FastImageCacheTests.xctest */,
				24387D471D22F2F400A29A1B /* FastImageCacheDemo.app */,
			);
			name = Products;
			sourceTree = "<group>";
		};
		247B3B141D22F61C00871490 /* Products */ = {
			isa = PBXGroup;
			children = (
				247B3B1E1D22F61C00871490 /* SwiftyJSON.framework */,
				247B3B201D22F61C00871490 /* SwiftyJSON iOS Tests.xctest */,
				247B3B221D22F61C00871490 /* SwiftyJSON.framework */,
				247B3B241D22F61C00871490 /* SwiftyJSON OSX Tests.xctest */,
				247B3B261D22F61C00871490 /* SwiftyJSON.framework */,
				247B3B281D22F61C00871490 /* SwiftyJSON.framework */,
				247B3B2A1D22F61C00871490 /* SwiftyJSON tvOS Tests.xctest */,
			);
			name = Products;
			sourceTree = "<group>";
		};
/* End PBXGroup section */

/* Begin PBXNativeTarget section */
		24387CF61D22EF0600A29A1B /* tstIngrm */ = {
			isa = PBXNativeTarget;
			buildConfigurationList = 24387D091D22EF0600A29A1B /* Build configuration list for PBXNativeTarget "tstIngrm" */;
			buildPhases = (
				24387CF31D22EF0600A29A1B /* Sources */,
				24387CF41D22EF0600A29A1B /* Frameworks */,
				24387CF51D22EF0600A29A1B /* Resources */,
				24387D281D22F0C800A29A1B /* Embed Frameworks */,
			);
			buildRules = (
			);
			dependencies = (
				24387D271D22F0C800A29A1B /* PBXTargetDependency */,
				24387D4B1D22F34A00A29A1B /* PBXTargetDependency */,
				24569AD81D23097A00612056 /* PBXTargetDependency */,
			);
			name = tstIngrm;
			productName = tstIngrm;
			productReference = 24387CF71D22EF0600A29A1B /* tstIngrm.app */;
			productType = "com.apple.product-type.application";
		};
/* End PBXNativeTarget section */

/* Begin PBXProject section */
		24387CEF1D22EF0600A29A1B /* Project object */ = {
			isa = PBXProject;
			attributes = {
				LastSwiftUpdateCheck = 0730;
				LastUpgradeCheck = 0730;
				ORGANIZATIONNAME = "Круцких Олег";
				TargetAttributes = {
					24387CF61D22EF0600A29A1B = {
						CreatedOnToolsVersion = 7.3.1;
						DevelopmentTeam = 9R8A3T275H;
					};
				};
			};
			buildConfigurationList = 24387CF21D22EF0600A29A1B /* Build configuration list for PBXProject "tstIngrm" */;
			compatibilityVersion = "Xcode 3.2";
			developmentRegion = English;
			hasScannedForEncodings = 0;
			knownRegions = (
				en,
				Base,
			);
			mainGroup = 24387CEE1D22EF0600A29A1B;
			productRefGroup = 24387CF81D22EF0600A29A1B /* Products */;
			projectDirPath = "";
			projectReferences = (
				{
					ProductGroup = 24387D0D1D22F0A600A29A1B /* Products */;
					ProjectRef = 24387D0C1D22F0A600A29A1B /* Alamofire.xcodeproj */;
				},
				{
					ProductGroup = 24387D3D1D22F2F400A29A1B /* Products */;
					ProjectRef = 24387D3C1D22F2F400A29A1B /* FastImageCache.xcodeproj */;
				},
				{
					ProductGroup = 247B3B141D22F61C00871490 /* Products */;
					ProjectRef = 247B3B131D22F61C00871490 /* SwiftyJSON.xcodeproj */;
				},
			);
			projectRoot = "";
			targets = (
				24387CF61D22EF0600A29A1B /* tstIngrm */,
			);
		};
/* End PBXProject section */

/* Begin PBXReferenceProxy section */
		24387D171D22F0A700A29A1B /* Alamofire.framework */ = {
			isa = PBXReferenceProxy;
			fileType = wrapper.framework;
			path = Alamofire.framework;
			remoteRef = 24387D161D22F0A700A29A1B /* PBXContainerItemProxy */;
			sourceTree = BUILT_PRODUCTS_DIR;
		};
		24387D191D22F0A700A29A1B /* Alamofire iOS Tests.xctest */ = {
			isa = PBXReferenceProxy;
			fileType = wrapper.cfbundle;
			path = "Alamofire iOS Tests.xctest";
			remoteRef = 24387D181D22F0A700A29A1B /* PBXContainerItemProxy */;
			sourceTree = BUILT_PRODUCTS_DIR;
		};
		24387D1B1D22F0A700A29A1B /* Alamofire.framework */ = {
			isa = PBXReferenceProxy;
			fileType = wrapper.framework;
			path = Alamofire.framework;
			remoteRef = 24387D1A1D22F0A700A29A1B /* PBXContainerItemProxy */;
			sourceTree = BUILT_PRODUCTS_DIR;
		};
		24387D1D1D22F0A700A29A1B /* Alamofire OSX Tests.xctest */ = {
			isa = PBXReferenceProxy;
			fileType = wrapper.cfbundle;
			path = "Alamofire OSX Tests.xctest";
			remoteRef = 24387D1C1D22F0A700A29A1B /* PBXContainerItemProxy */;
			sourceTree = BUILT_PRODUCTS_DIR;
		};
		24387D1F1D22F0A700A29A1B /* Alamofire.framework */ = {
			isa = PBXReferenceProxy;
			fileType = wrapper.framework;
			path = Alamofire.framework;
			remoteRef = 24387D1E1D22F0A700A29A1B /* PBXContainerItemProxy */;
			sourceTree = BUILT_PRODUCTS_DIR;
		};
		24387D211D22F0A700A29A1B /* Alamofire tvOS Tests.xctest */ = {
			isa = PBXReferenceProxy;
			fileType = wrapper.cfbundle;
			path = "Alamofire tvOS Tests.xctest";
			remoteRef = 24387D201D22F0A700A29A1B /* PBXContainerItemProxy */;
			sourceTree = BUILT_PRODUCTS_DIR;
		};
		24387D231D22F0A700A29A1B /* Alamofire.framework */ = {
			isa = PBXReferenceProxy;
			fileType = wrapper.framework;
			path = Alamofire.framework;
			remoteRef = 24387D221D22F0A700A29A1B /* PBXContainerItemProxy */;
			sourceTree = BUILT_PRODUCTS_DIR;
		};
		24387D431D22F2F400A29A1B /* FastImageCache.framework */ = {
			isa = PBXReferenceProxy;
			fileType = wrapper.framework;
			path = FastImageCache.framework;
			remoteRef = 24387D421D22F2F400A29A1B /* PBXContainerItemProxy */;
			sourceTree = BUILT_PRODUCTS_DIR;
		};
		24387D451D22F2F400A29A1B /* FastImageCacheTests.xctest */ = {
			isa = PBXReferenceProxy;
			fileType = wrapper.cfbundle;
			path = FastImageCacheTests.xctest;
			remoteRef = 24387D441D22F2F400A29A1B /* PBXContainerItemProxy */;
			sourceTree = BUILT_PRODUCTS_DIR;
		};
		24387D471D22F2F400A29A1B /* FastImageCacheDemo.app */ = {
			isa = PBXReferenceProxy;
			fileType = wrapper.application;
			path = FastImageCacheDemo.app;
			remoteRef = 24387D461D22F2F400A29A1B /* PBXContainerItemProxy */;
			sourceTree = BUILT_PRODUCTS_DIR;
		};
		247B3B1E1D22F61C00871490 /* SwiftyJSON.framework */ = {
			isa = PBXReferenceProxy;
			fileType = wrapper.framework;
			path = SwiftyJSON.framework;
			remoteRef = 247B3B1D1D22F61C00871490 /* PBXContainerItemProxy */;
			sourceTree = BUILT_PRODUCTS_DIR;
		};
		247B3B201D22F61C00871490 /* SwiftyJSON iOS Tests.xctest */ = {
			isa = PBXReferenceProxy;
			fileType = wrapper.cfbundle;
			path = "SwiftyJSON iOS Tests.xctest";
			remoteRef = 247B3B1F1D22F61C00871490 /* PBXContainerItemProxy */;
			sourceTree = BUILT_PRODUCTS_DIR;
		};
		247B3B221D22F61C00871490 /* SwiftyJSON.framework */ = {
			isa = PBXReferenceProxy;
			fileType = wrapper.framework;
			path = SwiftyJSON.framework;
			remoteRef = 247B3B211D22F61C00871490 /* PBXContainerItemProxy */;
			sourceTree = BUILT_PRODUCTS_DIR;
		};
		247B3B241D22F61C00871490 /* SwiftyJSON OSX Tests.xctest */ = {
			isa = PBXReferenceProxy;
			fileType = wrapper.cfbundle;
			path = "SwiftyJSON OSX Tests.xctest";
			remoteRef = 247B3B231D22F61C00871490 /* PBXContainerItemProxy */;
			sourceTree = BUILT_PRODUCTS_DIR;
		};
		247B3B261D22F61C00871490 /* SwiftyJSON.framework */ = {
			isa = PBXReferenceProxy;
			fileType = wrapper.framework;
			path = SwiftyJSON.framework;
			remoteRef = 247B3B251D22F61C00871490 /* PBXContainerItemProxy */;
			sourceTree = BUILT_PRODUCTS_DIR;
		};
		247B3B281D22F61C00871490 /* SwiftyJSON.framework */ = {
			isa = PBXReferenceProxy;
			fileType = wrapper.framework;
			path = SwiftyJSON.framework;
			remoteRef = 247B3B271D22F61C00871490 /* PBXContainerItemProxy */;
			sourceTree = BUILT_PRODUCTS_DIR;
		};
		247B3B2A1D22F61C00871490 /* SwiftyJSON tvOS Tests.xctest */ = {
			isa = PBXReferenceProxy;
			fileType = wrapper.cfbundle;
			path = "SwiftyJSON tvOS Tests.xctest";
			remoteRef = 247B3B291D22F61C00871490 /* PBXContainerItemProxy */;
			sourceTree = BUILT_PRODUCTS_DIR;
		};
/* End PBXReferenceProxy section */

/* Begin PBXResourcesBuildPhase section */
		24387CF51D22EF0600A29A1B /* Resources */ = {
			isa = PBXResourcesBuildPhase;
			buildActionMask = 2147483647;
			files = (
				24387D051D22EF0600A29A1B /* LaunchScreen.storyboard in Resources */,
				24387D021D22EF0600A29A1B /* Assets.xcassets in Resources */,
				24387D001D22EF0600A29A1B /* Main.storyboard in Resources */,
			);
			runOnlyForDeploymentPostprocessing = 0;
		};
/* End PBXResourcesBuildPhase section */

/* Begin PBXSourcesBuildPhase section */
		24387CF31D22EF0600A29A1B /* Sources */ = {
			isa = PBXSourcesBuildPhase;
			buildActionMask = 2147483647;
			files = (
				2480D00F1D2312CF00530E65 /* OAuthLoginDelegate.swift in Sources */,
				245BB5DE1D22F672001F33C2 /* CoreDataStack.swift in Sources */,
				24569AC51D23077800612056 /* OAuthLoginViewController.swift in Sources */,
				2480D0201D23204600530E65 /* tstIngrm.xcdatamodeld in Sources */,
				24387CFD1D22EF0600A29A1B /* ViewController.swift in Sources */,
				245BB5F31D22F823001F33C2 /* Common.swift in Sources */,
				245BB5EF1D22F6D8001F33C2 /* FastImageCacheHelper.swift in Sources */,
				24387CFB1D22EF0600A29A1B /* AppDelegate.swift in Sources */,
				245BB5F11D22F758001F33C2 /* PhotoInfo.swift in Sources */,
			);
			runOnlyForDeploymentPostprocessing = 0;
		};
/* End PBXSourcesBuildPhase section */

/* Begin PBXTargetDependency section */
		24387D271D22F0C800A29A1B /* PBXTargetDependency */ = {
			isa = PBXTargetDependency;
			name = "Alamofire iOS";
			targetProxy = 24387D261D22F0C800A29A1B /* PBXContainerItemProxy */;
		};
		24387D4B1D22F34A00A29A1B /* PBXTargetDependency */ = {
			isa = PBXTargetDependency;
			name = FastImageCache;
			targetProxy = 24387D4A1D22F34A00A29A1B /* PBXContainerItemProxy */;
		};
		24569AD81D23097A00612056 /* PBXTargetDependency */ = {
			isa = PBXTargetDependency;
			name = "SwiftyJSON iOS";
			targetProxy = 24569AD71D23097A00612056 /* PBXContainerItemProxy */;
		};
/* End PBXTargetDependency section */

/* Begin PBXVariantGroup section */
		24387CFE1D22EF0600A29A1B /* Main.storyboard */ = {
			isa = PBXVariantGroup;
			children = (
				24387CFF1D22EF0600A29A1B /* Base */,
			);
			name = Main.storyboard;
			sourceTree = "<group>";
		};
		24387D031D22EF0600A29A1B /* LaunchScreen.storyboard */ = {
			isa = PBXVariantGroup;
			children = (
				24387D041D22EF0600A29A1B /* Base */,
			);
			name = LaunchScreen.storyboard;
			sourceTree = "<group>";
		};
/* End PBXVariantGroup section */

/* Begin XCBuildConfiguration section */
		24387D071D22EF0600A29A1B /* Debug */ = {
			isa = XCBuildConfiguration;
			buildSettings = {
				ALWAYS_SEARCH_USER_PATHS = NO;
				CLANG_ANALYZER_NONNULL = YES;
				CLANG_CXX_LANGUAGE_STANDARD = "gnu++0x";
				CLANG_CXX_LIBRARY = "libc++";
				CLANG_ENABLE_MODULES = YES;
				CLANG_ENABLE_OBJC_ARC = YES;
				CLANG_WARN_BOOL_CONVERSION = YES;
				CLANG_WARN_CONSTANT_CONVERSION = YES;
				CLANG_WARN_DIRECT_OBJC_ISA_USAGE = YES_ERROR;
				CLANG_WARN_EMPTY_BODY = YES;
				CLANG_WARN_ENUM_CONVERSION = YES;
				CLANG_WARN_INT_CONVERSION = YES;
				CLANG_WARN_OBJC_ROOT_CLASS = YES_ERROR;
				CLANG_WARN_UNREACHABLE_CODE = YES;
				CLANG_WARN__DUPLICATE_METHOD_MATCH = YES;
				"CODE_SIGN_IDENTITY[sdk=iphoneos*]" = "iPhone Developer";
				COPY_PHASE_STRIP = NO;
				DEBUG_INFORMATION_FORMAT = dwarf;
				ENABLE_STRICT_OBJC_MSGSEND = YES;
				ENABLE_TESTABILITY = YES;
				GCC_C_LANGUAGE_STANDARD = gnu99;
				GCC_DYNAMIC_NO_PIC = NO;
				GCC_NO_COMMON_BLOCKS = YES;
				GCC_OPTIMIZATION_LEVEL = 0;
				GCC_PREPROCESSOR_DEFINITIONS = (
					"DEBUG=1",
					"$(inherited)",
				);
				GCC_WARN_64_TO_32_BIT_CONVERSION = YES;
				GCC_WARN_ABOUT_RETURN_TYPE = YES_ERROR;
				GCC_WARN_UNDECLARED_SELECTOR = YES;
				GCC_WARN_UNINITIALIZED_AUTOS = YES_AGGRESSIVE;
				GCC_WARN_UNUSED_FUNCTION = YES;
				GCC_WARN_UNUSED_VARIABLE = YES;
				IPHONEOS_DEPLOYMENT_TARGET = 9.3;
				MTL_ENABLE_DEBUG_INFO = YES;
				ONLY_ACTIVE_ARCH = YES;
				SDKROOT = iphoneos;
				SWIFT_OPTIMIZATION_LEVEL = "-Onone";
			};
			name = Debug;
		};
		24387D081D22EF0600A29A1B /* Release */ = {
			isa = XCBuildConfiguration;
			buildSettings = {
				ALWAYS_SEARCH_USER_PATHS = NO;
				CLANG_ANALYZER_NONNULL = YES;
				CLANG_CXX_LANGUAGE_STANDARD = "gnu++0x";
				CLANG_CXX_LIBRARY = "libc++";
				CLANG_ENABLE_MODULES = YES;
				CLANG_ENABLE_OBJC_ARC = YES;
				CLANG_WARN_BOOL_CONVERSION = YES;
				CLANG_WARN_CONSTANT_CONVERSION = YES;
				CLANG_WARN_DIRECT_OBJC_ISA_USAGE = YES_ERROR;
				CLANG_WARN_EMPTY_BODY = YES;
				CLANG_WARN_ENUM_CONVERSION = YES;
				CLANG_WARN_INT_CONVERSION = YES;
				CLANG_WARN_OBJC_ROOT_CLASS = YES_ERROR;
				CLANG_WARN_UNREACHABLE_CODE = YES;
				CLANG_WARN__DUPLICATE_METHOD_MATCH = YES;
				"CODE_SIGN_IDENTITY[sdk=iphoneos*]" = "iPhone Developer";
				COPY_PHASE_STRIP = NO;
				DEBUG_INFORMATION_FORMAT = "dwarf-with-dsym";
				ENABLE_NS_ASSERTIONS = NO;
				ENABLE_STRICT_OBJC_MSGSEND = YES;
				GCC_C_LANGUAGE_STANDARD = gnu99;
				GCC_NO_COMMON_BLOCKS = YES;
				GCC_WARN_64_TO_32_BIT_CONVERSION = YES;
				GCC_WARN_ABOUT_RETURN_TYPE = YES_ERROR;
				GCC_WARN_UNDECLARED_SELECTOR = YES;
				GCC_WARN_UNINITIALIZED_AUTOS = YES_AGGRESSIVE;
				GCC_WARN_UNUSED_FUNCTION = YES;
				GCC_WARN_UNUSED_VARIABLE = YES;
				IPHONEOS_DEPLOYMENT_TARGET = 9.3;
				MTL_ENABLE_DEBUG_INFO = NO;
				SDKROOT = iphoneos;
				VALIDATE_PRODUCT = YES;
			};
			name = Release;
		};
		24387D0A1D22EF0600A29A1B /* Debug */ = {
			isa = XCBuildConfiguration;
			buildSettings = {
				ASSETCATALOG_COMPILER_APPICON_NAME = AppIcon;
				CODE_SIGN_IDENTITY = "iPhone Developer";
				"CODE_SIGN_IDENTITY[sdk=iphoneos*]" = "iPhone Developer";
				EMBEDDED_CONTENT_CONTAINS_SWIFT = YES;
				INFOPLIST_FILE = tstIngrm/Info.plist;
				LD_RUNPATH_SEARCH_PATHS = "$(inherited) @executable_path/Frameworks";
				PRODUCT_BUNDLE_IDENTIFIER = ru.krutskikh.tstIngrm;
				PRODUCT_NAME = "$(TARGET_NAME)";
				PROVISIONING_PROFILE = "";
			};
			name = Debug;
		};
		24387D0B1D22EF0600A29A1B /* Release */ = {
			isa = XCBuildConfiguration;
			buildSettings = {
				ASSETCATALOG_COMPILER_APPICON_NAME = AppIcon;
				CODE_SIGN_IDENTITY = "iPhone Developer";
				"CODE_SIGN_IDENTITY[sdk=iphoneos*]" = "iPhone Developer";
				EMBEDDED_CONTENT_CONTAINS_SWIFT = YES;
				INFOPLIST_FILE = tstIngrm/Info.plist;
				LD_RUNPATH_SEARCH_PATHS = "$(inherited) @executable_path/Frameworks";
				PRODUCT_BUNDLE_IDENTIFIER = ru.krutskikh.tstIngrm;
				PRODUCT_NAME = "$(TARGET_NAME)";
				PROVISIONING_PROFILE = "";
			};
			name = Release;
		};
/* End XCBuildConfiguration section */

/* Begin XCConfigurationList section */
		24387CF21D22EF0600A29A1B /* Build configuration list for PBXProject "tstIngrm" */ = {
			isa = XCConfigurationList;
			buildConfigurations = (
				24387D071D22EF0600A29A1B /* Debug */,
				24387D081D22EF0600A29A1B /* Release */,
			);
			defaultConfigurationIsVisible = 0;
			defaultConfigurationName = Release;
		};
		24387D091D22EF0600A29A1B /* Build configuration list for PBXNativeTarget "tstIngrm" */ = {
			isa = XCConfigurationList;
			buildConfigurations = (
				24387D0A1D22EF0600A29A1B /* Debug */,
				24387D0B1D22EF0600A29A1B /* Release */,
			);
			defaultConfigurationIsVisible = 0;
			defaultConfigurationName = Release;
		};
/* End XCConfigurationList section */

/* Begin XCVersionGroup section */
		2480D01E1D23204600530E65 /* tstIngrm.xcdatamodeld */ = {
			isa = XCVersionGroup;
			children = (
				2480D01F1D23204600530E65 /* tstIngrm.xcdatamodel */,
			);
			currentVersion = 2480D01F1D23204600530E65 /* tstIngrm.xcdatamodel */;
			path = tstIngrm.xcdatamodeld;
			sourceTree = "<group>";
			versionGroupType = wrapper.xcdatamodel;
		};
/* End XCVersionGroup section */
	};
	rootObject = 24387CEF1D22EF0600A29A1B /* Project object */;
}
